// !$*UTF8*$!
{
	archiveVersion = 1;
	classes = {
	};
	objectVersion = 55;
	objects = {

/* Begin PBXBuildFile section */
		C63D53CD2904913B0038EB7D /* Tests_iOS.swift in Sources */ = {isa = PBXBuildFile; fileRef = C63D53CC2904913B0038EB7D /* Tests_iOS.swift */; };
		C63D53CF2904913B0038EB7D /* Tests_iOSLaunchTests.swift in Sources */ = {isa = PBXBuildFile; fileRef = C63D53CE2904913B0038EB7D /* Tests_iOSLaunchTests.swift */; };
		C63D53D92904913B0038EB7D /* Tests_macOS.swift in Sources */ = {isa = PBXBuildFile; fileRef = C63D53D82904913B0038EB7D /* Tests_macOS.swift */; };
		C63D53DB2904913B0038EB7D /* Tests_macOSLaunchTests.swift in Sources */ = {isa = PBXBuildFile; fileRef = C63D53DA2904913B0038EB7D /* Tests_macOSLaunchTests.swift */; };
		C63D53DC2904913B0038EB7D /* FlashCardsApp.swift in Sources */ = {isa = PBXBuildFile; fileRef = C63D53B4290491380038EB7D /* FlashCardsApp.swift */; };
		C63D53DD2904913B0038EB7D /* FlashCardsApp.swift in Sources */ = {isa = PBXBuildFile; fileRef = C63D53B4290491380038EB7D /* FlashCardsApp.swift */; };
		C63D53DE2904913B0038EB7D /* ContentView.swift in Sources */ = {isa = PBXBuildFile; fileRef = C63D53B5290491380038EB7D /* ContentView.swift */; };
		C63D53DF2904913B0038EB7D /* ContentView.swift in Sources */ = {isa = PBXBuildFile; fileRef = C63D53B5290491380038EB7D /* ContentView.swift */; };
		C63D53E02904913B0038EB7D /* Assets.xcassets in Resources */ = {isa = PBXBuildFile; fileRef = C63D53B62904913B0038EB7D /* Assets.xcassets */; };
		C63D53E12904913B0038EB7D /* Assets.xcassets in Resources */ = {isa = PBXBuildFile; fileRef = C63D53B62904913B0038EB7D /* Assets.xcassets */; };
/* End PBXBuildFile section */

/* Begin PBXContainerItemProxy section */
		C63D53C92904913B0038EB7D /* PBXContainerItemProxy */ = {
			isa = PBXContainerItemProxy;
			containerPortal = C63D53AF290491380038EB7D /* Project object */;
			proxyType = 1;
			remoteGlobalIDString = C63D53BA2904913B0038EB7D;
			remoteInfo = "FlashCards (iOS)";
		};
		C63D53D52904913B0038EB7D /* PBXContainerItemProxy */ = {
			isa = PBXContainerItemProxy;
			containerPortal = C63D53AF290491380038EB7D /* Project object */;
			proxyType = 1;
			remoteGlobalIDString = C63D53C02904913B0038EB7D;
			remoteInfo = "FlashCards (macOS)";
		};
/* End PBXContainerItemProxy section */

/* Begin PBXFileReference section */
		C63D53B4290491380038EB7D /* FlashCardsApp.swift */ = {isa = PBXFileReference; lastKnownFileType = sourcecode.swift; path = FlashCardsApp.swift; sourceTree = "<group>"; };
		C63D53B5290491380038EB7D /* ContentView.swift */ = {isa = PBXFileReference; lastKnownFileType = sourcecode.swift; path = ContentView.swift; sourceTree = "<group>"; };
		C63D53B62904913B0038EB7D /* Assets.xcassets */ = {isa = PBXFileReference; lastKnownFileType = folder.assetcatalog; path = Assets.xcassets; sourceTree = "<group>"; };
		C63D53BB2904913B0038EB7D /* FlashCards.app */ = {isa = PBXFileReference; explicitFileType = wrapper.application; includeInIndex = 0; path = FlashCards.app; sourceTree = BUILT_PRODUCTS_DIR; };
		C63D53C12904913B0038EB7D /* FlashCards.app */ = {isa = PBXFileReference; explicitFileType = wrapper.application; includeInIndex = 0; path = FlashCards.app; sourceTree = BUILT_PRODUCTS_DIR; };
		C63D53C32904913B0038EB7D /* macOS.entitlements */ = {isa = PBXFileReference; lastKnownFileType = text.plist.entitlements; path = macOS.entitlements; sourceTree = "<group>"; };
		C63D53C82904913B0038EB7D /* Tests iOS.xctest */ = {isa = PBXFileReference; explicitFileType = wrapper.cfbundle; includeInIndex = 0; path = "Tests iOS.xctest"; sourceTree = BUILT_PRODUCTS_DIR; };
		C63D53CC2904913B0038EB7D /* Tests_iOS.swift */ = {isa = PBXFileReference; lastKnownFileType = sourcecode.swift; path = Tests_iOS.swift; sourceTree = "<group>"; };
		C63D53CE2904913B0038EB7D /* Tests_iOSLaunchTests.swift */ = {isa = PBXFileReference; lastKnownFileType = sourcecode.swift; path = Tests_iOSLaunchTests.swift; sourceTree = "<group>"; };
		C63D53D42904913B0038EB7D /* Tests macOS.xctest */ = {isa = PBXFileReference; explicitFileType = wrapper.cfbundle; includeInIndex = 0; path = "Tests macOS.xctest"; sourceTree = BUILT_PRODUCTS_DIR; };
		C63D53D82904913B0038EB7D /* Tests_macOS.swift */ = {isa = PBXFileReference; lastKnownFileType = sourcecode.swift; path = Tests_macOS.swift; sourceTree = "<group>"; };
		C63D53DA2904913B0038EB7D /* Tests_macOSLaunchTests.swift */ = {isa = PBXFileReference; lastKnownFileType = sourcecode.swift; path = Tests_macOSLaunchTests.swift; sourceTree = "<group>"; };
/* End PBXFileReference section */

/* Begin PBXFrameworksBuildPhase section */
		C63D53B82904913B0038EB7D /* Frameworks */ = {
			isa = PBXFrameworksBuildPhase;
			buildActionMask = 2147483647;
			files = (
			);
			runOnlyForDeploymentPostprocessing = 0;
		};
		C63D53BE2904913B0038EB7D /* Frameworks */ = {
			isa = PBXFrameworksBuildPhase;
			buildActionMask = 2147483647;
			files = (
			);
			runOnlyForDeploymentPostprocessing = 0;
		};
		C63D53C52904913B0038EB7D /* Frameworks */ = {
			isa = PBXFrameworksBuildPhase;
			buildActionMask = 2147483647;
			files = (
			);
			runOnlyForDeploymentPostprocessing = 0;
		};
		C63D53D12904913B0038EB7D /* Frameworks */ = {
			isa = PBXFrameworksBuildPhase;
			buildActionMask = 2147483647;
			files = (
			);
			runOnlyForDeploymentPostprocessing = 0;
		};
/* End PBXFrameworksBuildPhase section */

/* Begin PBXGroup section */
		C63D53AE290491380038EB7D = {
			isa = PBXGroup;
			children = (
				C63D53B3290491380038EB7D /* Shared */,
				C63D53C22904913B0038EB7D /* macOS */,
				C63D53CB2904913B0038EB7D /* Tests iOS */,
				C63D53D72904913B0038EB7D /* Tests macOS */,
				C63D53BC2904913B0038EB7D /* Products */,
			);
			sourceTree = "<group>";
		};
		C63D53B3290491380038EB7D /* Shared */ = {
			isa = PBXGroup;
			children = (
				C63D53B4290491380038EB7D /* FlashCardsApp.swift */,
				C63D53B5290491380038EB7D /* ContentView.swift */,
				C63D53B62904913B0038EB7D /* Assets.xcassets */,
			);
			path = Shared;
			sourceTree = "<group>";
		};
		C63D53BC2904913B0038EB7D /* Products */ = {
			isa = PBXGroup;
			children = (
				C63D53BB2904913B0038EB7D /* FlashCards.app */,
				C63D53C12904913B0038EB7D /* FlashCards.app */,
				C63D53C82904913B0038EB7D /* Tests iOS.xctest */,
				C63D53D42904913B0038EB7D /* Tests macOS.xctest */,
			);
			name = Products;
			sourceTree = "<group>";
		};
		C63D53C22904913B0038EB7D /* macOS */ = {
			isa = PBXGroup;
			children = (
				C63D53C32904913B0038EB7D /* macOS.entitlements */,
			);
			path = macOS;
			sourceTree = "<group>";
		};
		C63D53CB2904913B0038EB7D /* Tests iOS */ = {
			isa = PBXGroup;
			children = (
				C63D53CC2904913B0038EB7D /* Tests_iOS.swift */,
				C63D53CE2904913B0038EB7D /* Tests_iOSLaunchTests.swift */,
			);
			path = "Tests iOS";
			sourceTree = "<group>";
		};
		C63D53D72904913B0038EB7D /* Tests macOS */ = {
			isa = PBXGroup;
			children = (
				C63D53D82904913B0038EB7D /* Tests_macOS.swift */,
				C63D53DA2904913B0038EB7D /* Tests_macOSLaunchTests.swift */,
			);
			path = "Tests macOS";
			sourceTree = "<group>";
		};
/* End PBXGroup section */

/* Begin PBXNativeTarget section */
		C63D53BA2904913B0038EB7D /* FlashCards (iOS) */ = {
			isa = PBXNativeTarget;
			buildConfigurationList = C63D53E42904913B0038EB7D /* Build configuration list for PBXNativeTarget "FlashCards (iOS)" */;
			buildPhases = (
				C63D53B72904913B0038EB7D /* Sources */,
				C63D53B82904913B0038EB7D /* Frameworks */,
				C63D53B92904913B0038EB7D /* Resources */,
			);
			buildRules = (
			);
			dependencies = (
			);
			name = "FlashCards (iOS)";
			productName = "FlashCards (iOS)";
			productReference = C63D53BB2904913B0038EB7D /* FlashCards.app */;
			productType = "com.apple.product-type.application";
		};
		C63D53C02904913B0038EB7D /* FlashCards (macOS) */ = {
			isa = PBXNativeTarget;
			buildConfigurationList = C63D53E72904913B0038EB7D /* Build configuration list for PBXNativeTarget "FlashCards (macOS)" */;
			buildPhases = (
				C63D53BD2904913B0038EB7D /* Sources */,
				C63D53BE2904913B0038EB7D /* Frameworks */,
				C63D53BF2904913B0038EB7D /* Resources */,
			);
			buildRules = (
			);
			dependencies = (
			);
			name = "FlashCards (macOS)";
			productName = "FlashCards (macOS)";
			productReference = C63D53C12904913B0038EB7D /* FlashCards.app */;
			productType = "com.apple.product-type.application";
		};
		C63D53C72904913B0038EB7D /* Tests iOS */ = {
			isa = PBXNativeTarget;
			buildConfigurationList = C63D53EA2904913B0038EB7D /* Build configuration list for PBXNativeTarget "Tests iOS" */;
			buildPhases = (
				C63D53C42904913B0038EB7D /* Sources */,
				C63D53C52904913B0038EB7D /* Frameworks */,
				C63D53C62904913B0038EB7D /* Resources */,
			);
			buildRules = (
			);
			dependencies = (
				C63D53CA2904913B0038EB7D /* PBXTargetDependency */,
			);
			name = "Tests iOS";
			productName = "Tests iOS";
			productReference = C63D53C82904913B0038EB7D /* Tests iOS.xctest */;
			productType = "com.apple.product-type.bundle.ui-testing";
		};
		C63D53D32904913B0038EB7D /* Tests macOS */ = {
			isa = PBXNativeTarget;
			buildConfigurationList = C63D53ED2904913B0038EB7D /* Build configuration list for PBXNativeTarget "Tests macOS" */;
			buildPhases = (
				C63D53D02904913B0038EB7D /* Sources */,
				C63D53D12904913B0038EB7D /* Frameworks */,
				C63D53D22904913B0038EB7D /* Resources */,
			);
			buildRules = (
			);
			dependencies = (
				C63D53D62904913B0038EB7D /* PBXTargetDependency */,
			);
			name = "Tests macOS";
			productName = "Tests macOS";
			productReference = C63D53D42904913B0038EB7D /* Tests macOS.xctest */;
			productType = "com.apple.product-type.bundle.ui-testing";
		};
/* End PBXNativeTarget section */

/* Begin PBXProject section */
		C63D53AF290491380038EB7D /* Project object */ = {
			isa = PBXProject;
			attributes = {
				BuildIndependentTargetsInParallel = 1;
				LastSwiftUpdateCheck = 1340;
				LastUpgradeCheck = 1340;
				TargetAttributes = {
					C63D53BA2904913B0038EB7D = {
						CreatedOnToolsVersion = 13.4.1;
					};
					C63D53C02904913B0038EB7D = {
						CreatedOnToolsVersion = 13.4.1;
					};
					C63D53C72904913B0038EB7D = {
						CreatedOnToolsVersion = 13.4.1;
						TestTargetID = C63D53BA2904913B0038EB7D;
					};
					C63D53D32904913B0038EB7D = {
						CreatedOnToolsVersion = 13.4.1;
						TestTargetID = C63D53C02904913B0038EB7D;
					};
				};
			};
			buildConfigurationList = C63D53B2290491380038EB7D /* Build configuration list for PBXProject "FlashCards" */;
			compatibilityVersion = "Xcode 13.0";
			developmentRegion = en;
			hasScannedForEncodings = 0;
			knownRegions = (
				en,
				Base,
			);
			mainGroup = C63D53AE290491380038EB7D;
			productRefGroup = C63D53BC2904913B0038EB7D /* Products */;
			projectDirPath = "";
			projectRoot = "";
			targets = (
				C63D53BA2904913B0038EB7D /* FlashCards (iOS) */,
				C63D53C02904913B0038EB7D /* FlashCards (macOS) */,
				C63D53C72904913B0038EB7D /* Tests iOS */,
				C63D53D32904913B0038EB7D /* Tests macOS */,
			);
		};
/* End PBXProject section */

/* Begin PBXResourcesBuildPhase section */
		C63D53B92904913B0038EB7D /* Resources */ = {
			isa = PBXResourcesBuildPhase;
			buildActionMask = 2147483647;
			files = (
				C63D53E02904913B0038EB7D /* Assets.xcassets in Resources */,
			);
			runOnlyForDeploymentPostprocessing = 0;
		};
		C63D53BF2904913B0038EB7D /* Resources */ = {
			isa = PBXResourcesBuildPhase;
			buildActionMask = 2147483647;
			files = (
				C63D53E12904913B0038EB7D /* Assets.xcassets in Resources */,
			);
			runOnlyForDeploymentPostprocessing = 0;
		};
		C63D53C62904913B0038EB7D /* Resources */ = {
			isa = PBXResourcesBuildPhase;
			buildActionMask = 2147483647;
			files = (
			);
			runOnlyForDeploymentPostprocessing = 0;
		};
		C63D53D22904913B0038EB7D /* Resources */ = {
			isa = PBXResourcesBuildPhase;
			buildActionMask = 2147483647;
			files = (
			);
			runOnlyForDeploymentPostprocessing = 0;
		};
/* End PBXResourcesBuildPhase section */

/* Begin PBXSourcesBuildPhase section */
		C63D53B72904913B0038EB7D /* Sources */ = {
			isa = PBXSourcesBuildPhase;
			buildActionMask = 2147483647;
			files = (
				C63D53DE2904913B0038EB7D /* ContentView.swift in Sources */,
				C63D53DC2904913B0038EB7D /* FlashCardsApp.swift in Sources */,
			);
			runOnlyForDeploymentPostprocessing = 0;
		};
		C63D53BD2904913B0038EB7D /* Sources */ = {
			isa = PBXSourcesBuildPhase;
			buildActionMask = 2147483647;
			files = (
				C63D53DF2904913B0038EB7D /* ContentView.swift in Sources */,
				C63D53DD2904913B0038EB7D /* FlashCardsApp.swift in Sources */,
			);
			runOnlyForDeploymentPostprocessing = 0;
		};
		C63D53C42904913B0038EB7D /* Sources */ = {
			isa = PBXSourcesBuildPhase;
			buildActionMask = 2147483647;
			files = (
				C63D53CF2904913B0038EB7D /* Tests_iOSLaunchTests.swift in Sources */,
				C63D53CD2904913B0038EB7D /* Tests_iOS.swift in Sources */,
			);
			runOnlyForDeploymentPostprocessing = 0;
		};
		C63D53D02904913B0038EB7D /* Sources */ = {
			isa = PBXSourcesBuildPhase;
			buildActionMask = 2147483647;
			files = (
				C63D53DB2904913B0038EB7D /* Tests_macOSLaunchTests.swift in Sources */,
				C63D53D92904913B0038EB7D /* Tests_macOS.swift in Sources */,
			);
			runOnlyForDeploymentPostprocessing = 0;
		};
/* End PBXSourcesBuildPhase section */

/* Begin PBXTargetDependency section */
		C63D53CA2904913B0038EB7D /* PBXTargetDependency */ = {
			isa = PBXTargetDependency;
			target = C63D53BA2904913B0038EB7D /* FlashCards (iOS) */;
			targetProxy = C63D53C92904913B0038EB7D /* PBXContainerItemProxy */;
		};
		C63D53D62904913B0038EB7D /* PBXTargetDependency */ = {
			isa = PBXTargetDependency;
			target = C63D53C02904913B0038EB7D /* FlashCards (macOS) */;
			targetProxy = C63D53D52904913B0038EB7D /* PBXContainerItemProxy */;
		};
/* End PBXTargetDependency section */

/* Begin XCBuildConfiguration section */
		C63D53E22904913B0038EB7D /* Debug */ = {
			isa = XCBuildConfiguration;
			buildSettings = {
				ALWAYS_SEARCH_USER_PATHS = NO;
				CLANG_ANALYZER_NONNULL = YES;
				CLANG_ANALYZER_NUMBER_OBJECT_CONVERSION = YES_AGGRESSIVE;
				CLANG_CXX_LANGUAGE_STANDARD = "gnu++17";
				CLANG_ENABLE_MODULES = YES;
				CLANG_ENABLE_OBJC_ARC = YES;
				CLANG_ENABLE_OBJC_WEAK = YES;
				CLANG_WARN_BLOCK_CAPTURE_AUTORELEASING = YES;
				CLANG_WARN_BOOL_CONVERSION = YES;
				CLANG_WARN_COMMA = YES;
				CLANG_WARN_CONSTANT_CONVERSION = YES;
				CLANG_WARN_DEPRECATED_OBJC_IMPLEMENTATIONS = YES;
				CLANG_WARN_DIRECT_OBJC_ISA_USAGE = YES_ERROR;
				CLANG_WARN_DOCUMENTATION_COMMENTS = YES;
				CLANG_WARN_EMPTY_BODY = YES;
				CLANG_WARN_ENUM_CONVERSION = YES;
				CLANG_WARN_INFINITE_RECURSION = YES;
				CLANG_WARN_INT_CONVERSION = YES;
				CLANG_WARN_NON_LITERAL_NULL_CONVERSION = YES;
				CLANG_WARN_OBJC_IMPLICIT_RETAIN_SELF = YES;
				CLANG_WARN_OBJC_LITERAL_CONVERSION = YES;
				CLANG_WARN_OBJC_ROOT_CLASS = YES_ERROR;
				CLANG_WARN_QUOTED_INCLUDE_IN_FRAMEWORK_HEADER = YES;
				CLANG_WARN_RANGE_LOOP_ANALYSIS = YES;
				CLANG_WARN_STRICT_PROTOTYPES = YES;
				CLANG_WARN_SUSPICIOUS_MOVE = YES;
				CLANG_WARN_UNGUARDED_AVAILABILITY = YES_AGGRESSIVE;
				CLANG_WARN_UNREACHABLE_CODE = YES;
				CLANG_WARN__DUPLICATE_METHOD_MATCH = YES;
				COPY_PHASE_STRIP = NO;
				DEBUG_INFORMATION_FORMAT = dwarf;
				ENABLE_STRICT_OBJC_MSGSEND = YES;
				ENABLE_TESTABILITY = YES;
				GCC_C_LANGUAGE_STANDARD = gnu11;
				GCC_DYNAMIC_NO_PIC = NO;
				GCC_NO_COMMON_BLOCKS = YES;
				GCC_OPTIMIZATION_LEVEL = 0;
				GCC_PREPROCESSOR_DEFINITIONS = (
					"DEBUG=1",
					"$(inherited)",
				);
				GCC_WARN_64_TO_32_BIT_CONVERSION = YES;
				GCC_WARN_ABOUT_RETURN_TYPE = YES_ERROR;
				GCC_WARN_UNDECLARED_SELECTOR = YES;
				GCC_WARN_UNINITIALIZED_AUTOS = YES_AGGRESSIVE;
				GCC_WARN_UNUSED_FUNCTION = YES;
				GCC_WARN_UNUSED_VARIABLE = YES;
				MTL_ENABLE_DEBUG_INFO = INCLUDE_SOURCE;
				MTL_FAST_MATH = YES;
				ONLY_ACTIVE_ARCH = YES;
				SWIFT_ACTIVE_COMPILATION_CONDITIONS = DEBUG;
				SWIFT_OPTIMIZATION_LEVEL = "-Onone";
			};
			name = Debug;
		};
		C63D53E32904913B0038EB7D /* Release */ = {
			isa = XCBuildConfiguration;
			buildSettings = {
				ALWAYS_SEARCH_USER_PATHS = NO;
				CLANG_ANALYZER_NONNULL = YES;
				CLANG_ANALYZER_NUMBER_OBJECT_CONVERSION = YES_AGGRESSIVE;
				CLANG_CXX_LANGUAGE_STANDARD = "gnu++17";
				CLANG_ENABLE_MODULES = YES;
				CLANG_ENABLE_OBJC_ARC = YES;
				CLANG_ENABLE_OBJC_WEAK = YES;
				CLANG_WARN_BLOCK_CAPTURE_AUTORELEASING = YES;
				CLANG_WARN_BOOL_CONVERSION = YES;
				CLANG_WARN_COMMA = YES;
				CLANG_WARN_CONSTANT_CONVERSION = YES;
				CLANG_WARN_DEPRECATED_OBJC_IMPLEMENTATIONS = YES;
				CLANG_WARN_DIRECT_OBJC_ISA_USAGE = YES_ERROR;
				CLANG_WARN_DOCUMENTATION_COMMENTS = YES;
				CLANG_WARN_EMPTY_BODY = YES;
				CLANG_WARN_ENUM_CONVERSION = YES;
				CLANG_WARN_INFINITE_RECURSION = YES;
				CLANG_WARN_INT_CONVERSION = YES;
				CLANG_WARN_NON_LITERAL_NULL_CONVERSION = YES;
				CLANG_WARN_OBJC_IMPLICIT_RETAIN_SELF = YES;
				CLANG_WARN_OBJC_LITERAL_CONVERSION = YES;
				CLANG_WARN_OBJC_ROOT_CLASS = YES_ERROR;
				CLANG_WARN_QUOTED_INCLUDE_IN_FRAMEWORK_HEADER = YES;
				CLANG_WARN_RANGE_LOOP_ANALYSIS = YES;
				CLANG_WARN_STRICT_PROTOTYPES = YES;
				CLANG_WARN_SUSPICIOUS_MOVE = YES;
				CLANG_WARN_UNGUARDED_AVAILABILITY = YES_AGGRESSIVE;
				CLANG_WARN_UNREACHABLE_CODE = YES;
				CLANG_WARN__DUPLICATE_METHOD_MATCH = YES;
				COPY_PHASE_STRIP = NO;
				DEBUG_INFORMATION_FORMAT = "dwarf-with-dsym";
				ENABLE_NS_ASSERTIONS = NO;
				ENABLE_STRICT_OBJC_MSGSEND = YES;
				GCC_C_LANGUAGE_STANDARD = gnu11;
				GCC_NO_COMMON_BLOCKS = YES;
				GCC_WARN_64_TO_32_BIT_CONVERSION = YES;
				GCC_WARN_ABOUT_RETURN_TYPE = YES_ERROR;
				GCC_WARN_UNDECLARED_SELECTOR = YES;
				GCC_WARN_UNINITIALIZED_AUTOS = YES_AGGRESSIVE;
				GCC_WARN_UNUSED_FUNCTION = YES;
				GCC_WARN_UNUSED_VARIABLE = YES;
				MTL_ENABLE_DEBUG_INFO = NO;
				MTL_FAST_MATH = YES;
				SWIFT_COMPILATION_MODE = wholemodule;
				SWIFT_OPTIMIZATION_LEVEL = "-O";
			};
			name = Release;
		};
		C63D53E52904913B0038EB7D /* Debug */ = {
			isa = XCBuildConfiguration;
			buildSettings = {
				ASSETCATALOG_COMPILER_APPICON_NAME = AppIcon;
				ASSETCATALOG_COMPILER_GLOBAL_ACCENT_COLOR_NAME = AccentColor;
				CODE_SIGN_STYLE = Automatic;
				CURRENT_PROJECT_VERSION = 1;
				ENABLE_PREVIEWS = YES;
				GENERATE_INFOPLIST_FILE = YES;
				INFOPLIST_KEY_UIApplicationSceneManifest_Generation = YES;
				INFOPLIST_KEY_UIApplicationSupportsIndirectInputEvents = YES;
				INFOPLIST_KEY_UILaunchScreen_Generation = YES;
				INFOPLIST_KEY_UISupportedInterfaceOrientations_iPad = "UIInterfaceOrientationPortrait UIInterfaceOrientationPortraitUpsideDown UIInterfaceOrientationLandscapeLeft UIInterfaceOrientationLandscapeRight";
				INFOPLIST_KEY_UISupportedInterfaceOrientations_iPhone = "UIInterfaceOrientationPortrait UIInterfaceOrientationLandscapeLeft UIInterfaceOrientationLandscapeRight";
				IPHONEOS_DEPLOYMENT_TARGET = 15.5;
				LD_RUNPATH_SEARCH_PATHS = (
					"$(inherited)",
					"@executable_path/Frameworks",
				);
				MARKETING_VERSION = 1.0;
				PRODUCT_BUNDLE_IDENTIFIER = flash.FlashCards;
				PRODUCT_NAME = FlashCards;
				SDKROOT = iphoneos;
				SWIFT_EMIT_LOC_STRINGS = YES;
				SWIFT_VERSION = 5.0;
				TARGETED_DEVICE_FAMILY = "1,2";
			};
			name = Debug;
		};
		C63D53E62904913B0038EB7D /* Release */ = {
			isa = XCBuildConfiguration;
			buildSettings = {
				ASSETCATALOG_COMPILER_APPICON_NAME = AppIcon;
				ASSETCATALOG_COMPILER_GLOBAL_ACCENT_COLOR_NAME = AccentColor;
				CODE_SIGN_STYLE = Automatic;
				CURRENT_PROJECT_VERSION = 1;
				ENABLE_PREVIEWS = YES;
				GENERATE_INFOPLIST_FILE = YES;
				INFOPLIST_KEY_UIApplicationSceneManifest_Generation = YES;
				INFOPLIST_KEY_UIApplicationSupportsIndirectInputEvents = YES;
				INFOPLIST_KEY_UILaunchScreen_Generation = YES;
				INFOPLIST_KEY_UISupportedInterfaceOrientations_iPad = "UIInterfaceOrientationPortrait UIInterfaceOrientationPortraitUpsideDown UIInterfaceOrientationLandscapeLeft UIInterfaceOrientationLandscapeRight";
				INFOPLIST_KEY_UISupportedInterfaceOrientations_iPhone = "UIInterfaceOrientationPortrait UIInterfaceOrientationLandscapeLeft UIInterfaceOrientationLandscapeRight";
				IPHONEOS_DEPLOYMENT_TARGET = 15.5;
				LD_RUNPATH_SEARCH_PATHS = (
					"$(inherited)",
					"@executable_path/Frameworks",
				);
				MARKETING_VERSION = 1.0;
				PRODUCT_BUNDLE_IDENTIFIER = flash.FlashCards;
				PRODUCT_NAME = FlashCards;
				SDKROOT = iphoneos;
				SWIFT_EMIT_LOC_STRINGS = YES;
				SWIFT_VERSION = 5.0;
				TARGETED_DEVICE_FAMILY = "1,2";
				VALIDATE_PRODUCT = YES;
			};
			name = Release;
		};
		C63D53E82904913B0038EB7D /* Debug */ = {
			isa = XCBuildConfiguration;
			buildSettings = {
				ASSETCATALOG_COMPILER_APPICON_NAME = AppIcon;
				ASSETCATALOG_COMPILER_GLOBAL_ACCENT_COLOR_NAME = AccentColor;
				CODE_SIGN_ENTITLEMENTS = macOS/macOS.entitlements;
				CODE_SIGN_STYLE = Automatic;
				COMBINE_HIDPI_IMAGES = YES;
				CURRENT_PROJECT_VERSION = 1;
				ENABLE_PREVIEWS = YES;
				GENERATE_INFOPLIST_FILE = YES;
				INFOPLIST_KEY_NSHumanReadableCopyright = "";
				LD_RUNPATH_SEARCH_PATHS = (
					"$(inherited)",
					"@executable_path/../Frameworks",
				);
				MACOSX_DEPLOYMENT_TARGET = 12.3;
				MARKETING_VERSION = 1.0;
				PRODUCT_BUNDLE_IDENTIFIER = flash.FlashCards;
				PRODUCT_NAME = FlashCards;
				SDKROOT = macosx;
				SWIFT_EMIT_LOC_STRINGS = YES;
				SWIFT_VERSION = 5.0;
			};
			name = Debug;
		};
		C63D53E92904913B0038EB7D /* Release */ = {
			isa = XCBuildConfiguration;
			buildSettings = {
				ASSETCATALOG_COMPILER_APPICON_NAME = AppIcon;
				ASSETCATALOG_COMPILER_GLOBAL_ACCENT_COLOR_NAME = AccentColor;
				CODE_SIGN_ENTITLEMENTS = macOS/macOS.entitlements;
				CODE_SIGN_STYLE = Automatic;
				COMBINE_HIDPI_IMAGES = YES;
				CURRENT_PROJECT_VERSION = 1;
				ENABLE_PREVIEWS = YES;
				GENERATE_INFOPLIST_FILE = YES;
				INFOPLIST_KEY_NSHumanReadableCopyright = "";
				LD_RUNPATH_SEARCH_PATHS = (
					"$(inherited)",
					"@executable_path/../Frameworks",
				);
				MACOSX_DEPLOYMENT_TARGET = 12.3;
				MARKETING_VERSION = 1.0;
				PRODUCT_BUNDLE_IDENTIFIER = flash.FlashCards;
				PRODUCT_NAME = FlashCards;
				SDKROOT = macosx;
				SWIFT_EMIT_LOC_STRINGS = YES;
				SWIFT_VERSION = 5.0;
			};
			name = Release;
		};
		C63D53EB2904913B0038EB7D /* Debug */ = {
			isa = XCBuildConfiguration;
			buildSettings = {
				ALWAYS_EMBED_SWIFT_STANDARD_LIBRARIES = YES;
				CODE_SIGN_STYLE = Automatic;
				CURRENT_PROJECT_VERSION = 1;
				GENERATE_INFOPLIST_FILE = YES;
				IPHONEOS_DEPLOYMENT_TARGET = 15.5;
				MARKETING_VERSION = 1.0;
				PRODUCT_BUNDLE_IDENTIFIER = "flash.Tests-iOS";
				PRODUCT_NAME = "$(TARGET_NAME)";
				SDKROOT = iphoneos;
				SWIFT_EMIT_LOC_STRINGS = NO;
				SWIFT_VERSION = 5.0;
				TARGETED_DEVICE_FAMILY = "1,2";
				TEST_TARGET_NAME = "FlashCards (iOS)";
			};
			name = Debug;
		};
		C63D53EC2904913B0038EB7D /* Release */ = {
			isa = XCBuildConfiguration;
			buildSettings = {
				ALWAYS_EMBED_SWIFT_STANDARD_LIBRARIES = YES;
				CODE_SIGN_STYLE = Automatic;
				CURRENT_PROJECT_VERSION = 1;
				GENERATE_INFOPLIST_FILE = YES;
				IPHONEOS_DEPLOYMENT_TARGET = 15.5;
				MARKETING_VERSION = 1.0;
				PRODUCT_BUNDLE_IDENTIFIER = "flash.Tests-iOS";
				PRODUCT_NAME = "$(TARGET_NAME)";
				SDKROOT = iphoneos;
				SWIFT_EMIT_LOC_STRINGS = NO;
				SWIFT_VERSION = 5.0;
				TARGETED_DEVICE_FAMILY = "1,2";
				TEST_TARGET_NAME = "FlashCards (iOS)";
				VALIDATE_PRODUCT = YES;
			};
			name = Release;
		};
		C63D53EE2904913B0038EB7D /* Debug */ = {
			isa = XCBuildConfiguration;
			buildSettings = {
				ALWAYS_EMBED_SWIFT_STANDARD_LIBRARIES = YES;
				CODE_SIGN_STYLE = Automatic;
				CURRENT_PROJECT_VERSION = 1;
				GENERATE_INFOPLIST_FILE = YES;
				MACOSX_DEPLOYMENT_TARGET = 12.3;
				MARKETING_VERSION = 1.0;
				PRODUCT_BUNDLE_IDENTIFIER = "flash.Tests-macOS";
				PRODUCT_NAME = "$(TARGET_NAME)";
				SDKROOT = macosx;
				SWIFT_EMIT_LOC_STRINGS = NO;
				SWIFT_VERSION = 5.0;
				TEST_TARGET_NAME = "FlashCards (macOS)";
			};
			name = Debug;
		};
		C63D53EF2904913B0038EB7D /* Release */ = {
			isa = XCBuildConfiguration;
			buildSettings = {
				ALWAYS_EMBED_SWIFT_STANDARD_LIBRARIES = YES;
				CODE_SIGN_STYLE = Automatic;
				CURRENT_PROJECT_VERSION = 1;
				GENERATE_INFOPLIST_FILE = YES;
				MACOSX_DEPLOYMENT_TARGET = 12.3;
				MARKETING_VERSION = 1.0;
				PRODUCT_BUNDLE_IDENTIFIER = "flash.Tests-macOS";
				PRODUCT_NAME = "$(TARGET_NAME)";
				SDKROOT = macosx;
				SWIFT_EMIT_LOC_STRINGS = NO;
				SWIFT_VERSION = 5.0;
				TEST_TARGET_NAME = "FlashCards (macOS)";
			};
			name = Release;
		};
/* End XCBuildConfiguration section */

/* Begin XCConfigurationList section */
		C63D53B2290491380038EB7D /* Build configuration list for PBXProject "FlashCards" */ = {
			isa = XCConfigurationList;
			buildConfigurations = (
				C63D53E22904913B0038EB7D /* Debug */,
				C63D53E32904913B0038EB7D /* Release */,
			);
			defaultConfigurationIsVisible = 0;
			defaultConfigurationName = Release;
		};
		C63D53E42904913B0038EB7D /* Build configuration list for PBXNativeTarget "FlashCards (iOS)" */ = {
			isa = XCConfigurationList;
			buildConfigurations = (
				C63D53E52904913B0038EB7D /* Debug */,
				C63D53E62904913B0038EB7D /* Release */,
			);
			defaultConfigurationIsVisible = 0;
			defaultConfigurationName = Release;
		};
		C63D53E72904913B0038EB7D /* Build configuration list for PBXNativeTarget "FlashCards (macOS)" */ = {
			isa = XCConfigurationList;
			buildConfigurations = (
				C63D53E82904913B0038EB7D /* Debug */,
				C63D53E92904913B0038EB7D /* Release */,
			);
			defaultConfigurationIsVisible = 0;
			defaultConfigurationName = Release;
		};
		C63D53EA2904913B0038EB7D /* Build configuration list for PBXNativeTarget "Tests iOS" */ = {
			isa = XCConfigurationList;
			buildConfigurations = (
				C63D53EB2904913B0038EB7D /* Debug */,
				C63D53EC2904913B0038EB7D /* Release */,
			);
			defaultConfigurationIsVisible = 0;
			defaultConfigurationName = Release;
		};
		C63D53ED2904913B0038EB7D /* Build configuration list for PBXNativeTarget "Tests macOS" */ = {
			isa = XCConfigurationList;
			buildConfigurations = (
				C63D53EE2904913B0038EB7D /* Debug */,
				C63D53EF2904913B0038EB7D /* Release */,
			);
			defaultConfigurationIsVisible = 0;
			defaultConfigurationName = Release;
		};
/* End XCConfigurationList section */
	};
	rootObject = C63D53AF290491380038EB7D /* Project object */;
}
